
Microsoft Visual Studio Solution File, Format Version 12.00
# Visual Studio Version 16
VisualStudioVersion = 16.0.31624.102
MinimumVisualStudioVersion = 10.0.40219.1
Project("{888888A0-9F3D-457C-B088-3A5042F75D52}") = "emailer", "emailer\emailer.pyproj", "{0D580725-7E0B-4F8D-A36F-65D0D9B0CBFF}"
EndProject
Global
	GlobalSection(SolutionConfigurationPlatforms) = preSolution
		Debug|Any CPU = Debug|Any CPU
		Release|Any CPU = Release|Any CPU
	EndGlobalSection
	GlobalSection(ProjectConfigurationPlatforms) = postSolution
		{0D580725-7E0B-4F8D-A36F-65D0D9B0CBFF}.Debug|Any CPU.ActiveCfg = Debug|Any CPU
		{0D580725-7E0B-4F8D-A36F-65D0D9B0CBFF}.Release|Any CPU.ActiveCfg = Release|Any CPU
	EndGlobalSection
	GlobalSection(SolutionProperties) = preSolution
		HideSolutionNode = FALSE
	EndGlobalSection
	GlobalSection(ExtensibilityGlobals) = postSolution
		SolutionGuid = {C7F5221A-4E36-4E8D-86D2-DCC3AAEC6F91}
	EndGlobalSection
EndGlobal
