
Microsoft Visual Studio Solution File, Format Version 12.00
# Visual Studio Version 16
VisualStudioVersion = 16.0.31624.102
MinimumVisualStudioVersion = 10.0.40219.1
Project("{888888A0-9F3D-457C-B088-3A5042F75D52}") = "linuxsetup", "linuxsetup\linuxsetup.pyproj", "{38EFB39B-5AC1-4A34-89F9-99073CAA2A6C}"
EndProject
Global
	GlobalSection(SolutionConfigurationPlatforms) = preSolution
		Debug|Any CPU = Debug|Any CPU
		Release|Any CPU = Release|Any CPU
	EndGlobalSection
	GlobalSection(ProjectConfigurationPlatforms) = postSolution
		{38EFB39B-5AC1-4A34-89F9-99073CAA2A6C}.Debug|Any CPU.ActiveCfg = Debug|Any CPU
		{38EFB39B-5AC1-4A34-89F9-99073CAA2A6C}.Release|Any CPU.ActiveCfg = Release|Any CPU
	EndGlobalSection
	GlobalSection(SolutionProperties) = preSolution
		HideSolutionNode = FALSE
	EndGlobalSection
	GlobalSection(ExtensibilityGlobals) = postSolution
		SolutionGuid = {7ED99149-66CE-47E6-B38D-BA2CFA2D5A5F}
	EndGlobalSection
EndGlobal
