
Microsoft Visual Studio Solution File, Format Version 12.00
# Visual Studio Version 16
VisualStudioVersion = 16.0.31624.102
MinimumVisualStudioVersion = 10.0.40219.1
Project("{888888A0-9F3D-457C-B088-3A5042F75D52}") = "sms_tool", "sms_tool\sms_tool.pyproj", "{CDF06A16-357B-4F93-A4F4-3C4F8A6B56DD}"
EndProject
Global
	GlobalSection(SolutionConfigurationPlatforms) = preSolution
		Debug|Any CPU = Debug|Any CPU
		Release|Any CPU = Release|Any CPU
	EndGlobalSection
	GlobalSection(ProjectConfigurationPlatforms) = postSolution
		{CDF06A16-357B-4F93-A4F4-3C4F8A6B56DD}.Debug|Any CPU.ActiveCfg = Debug|Any CPU
		{CDF06A16-357B-4F93-A4F4-3C4F8A6B56DD}.Release|Any CPU.ActiveCfg = Release|Any CPU
	EndGlobalSection
	GlobalSection(SolutionProperties) = preSolution
		HideSolutionNode = FALSE
	EndGlobalSection
	GlobalSection(ExtensibilityGlobals) = postSolution
		SolutionGuid = {64C1F745-E6BA-470D-85FD-9F6B3A4563D8}
	EndGlobalSection
EndGlobal
