
Microsoft Visual Studio Solution File, Format Version 12.00
# Visual Studio Version 16
VisualStudioVersion = 16.0.31624.102
MinimumVisualStudioVersion = 10.0.40219.1
Project("{888888A0-9F3D-457C-B088-3A5042F75D52}") = "pingdetect", "pingdetect\pingdetect.pyproj", "{75A59EC2-B38A-4CF1-A657-0D73B310710A}"
EndProject
Global
	GlobalSection(SolutionConfigurationPlatforms) = preSolution
		Debug|Any CPU = Debug|Any CPU
		Release|Any CPU = Release|Any CPU
	EndGlobalSection
	GlobalSection(ProjectConfigurationPlatforms) = postSolution
		{75A59EC2-B38A-4CF1-A657-0D73B310710A}.Debug|Any CPU.ActiveCfg = Debug|Any CPU
		{75A59EC2-B38A-4CF1-A657-0D73B310710A}.Release|Any CPU.ActiveCfg = Release|Any CPU
	EndGlobalSection
	GlobalSection(SolutionProperties) = preSolution
		HideSolutionNode = FALSE
	EndGlobalSection
	GlobalSection(ExtensibilityGlobals) = postSolution
		SolutionGuid = {B57B0EDA-9F90-4444-8254-8B4B53A101BE}
	EndGlobalSection
EndGlobal
